<?xml version="1.0" encoding="UTF-8" standalone="yes" ?>
<CodeBlocks_project_file>
	<FileVersion major="1" minor="6" />
	<Project>
		<Option title="FMS2" />
		<Option pch_mode="2" />
		<Option compiler="gcc" />
		<Build>
			<Target title="Debug">
				<Option output="bin/Debug/FMS2" prefix_auto="1" extension_auto="1" />
				<Option object_output="obj/Debug/" />
				<Option type="1" />
				<Option compiler="cygwin" />
				<Compiler>
					<Add option="-g" />
					<Add option="`pkg-config --cflags gtk+-3.0 `" />
					<Add directory="include" />
					<Add directory="../../../../../Program Files (x86)/Graphviz2.36/include/graphviz" />
				</Compiler>
				<Linker>
					<Add option="`pkg-config --libs gtk+-3.0 `" />
					<Add option="`pkg-config libgvc --libs `" />
					<Add directory="../../../../../gtk" />
					<Add directory="../../../../../Program Files (x86)/Graphviz2.36/lib/release/lib" />
				</Linker>
			</Target>
			<Target title="Release">
				<Option output="bin/Release/FMS2" prefix_auto="1" extension_auto="1" />
				<Option object_output="obj/Release/" />
				<Option type="1" />
				<Option compiler="gcc" />
				<Compiler>
					<Add option="-O2" />
					<Add directory="include" />
				</Compiler>
				<Linker>
					<Add option="-s" />
				</Linker>
			</Target>
		</Build>
		<Compiler>
			<Add option="-Wall" />
			<Add option="-fexceptions" />
		</Compiler>
		<Unit filename="include/FSM.h" />
		<Unit filename="include/State.h" />
		<Unit filename="include/Transition.h" />
		<Unit filename="main.cpp" />
		<Unit filename="src/FSM.cpp" />
		<Unit filename="src/State.cpp" />
		<Unit filename="src/Transition.cpp" />
		<Extensions>
			<code_completion />
			<envvars />
			<debugger />
		</Extensions>
	</Project>
</CodeBlocks_project_file>
